
Microsoft Visual Studio Solution File, Format Version 12.00
# Visual Studio 2013
VisualStudioVersion = 12.0.21005.1
MinimumVisualStudioVersion = 10.0.40219.1
Project("{FAE04EC0-301F-11D3-BF4B-00C04F79EFBC}") = "ThreeDPoint", "ThreeDPoint\ThreeDPoint.csproj", "{FAEB6FDA-ECA1-4E87-8E72-23A9E5E7F5C6}"
EndProject
Project("{FAE04EC0-301F-11D3-BF4B-00C04F79EFBC}") = "GenericListTask", "GenericListTask\GenericListTask.csproj", "{3B6DC0DB-A424-42BA-8798-66AD107539DF}"
EndProject
Project("{FAE04EC0-301F-11D3-BF4B-00C04F79EFBC}") = "MatrixTask", "MatrixTask\MatrixTask.csproj", "{4038D84F-F872-479B-B471-12BB89E065BC}"
EndProject
Project("{FAE04EC0-301F-11D3-BF4B-00C04F79EFBC}") = "AttributeVersion", "AttributeVersion\AttributeVersion.csproj", "{1278640A-F21A-4F9E-A563-746EF0A77CA4}"
EndProject
Global
	GlobalSection(SolutionConfigurationPlatforms) = preSolution
		Debug|Any CPU = Debug|Any CPU
		Release|Any CPU = Release|Any CPU
	EndGlobalSection
	GlobalSection(ProjectConfigurationPlatforms) = postSolution
		{FAEB6FDA-ECA1-4E87-8E72-23A9E5E7F5C6}.Debug|Any CPU.ActiveCfg = Debug|Any CPU
		{FAEB6FDA-ECA1-4E87-8E72-23A9E5E7F5C6}.Debug|Any CPU.Build.0 = Debug|Any CPU
		{FAEB6FDA-ECA1-4E87-8E72-23A9E5E7F5C6}.Release|Any CPU.ActiveCfg = Release|Any CPU
		{FAEB6FDA-ECA1-4E87-8E72-23A9E5E7F5C6}.Release|Any CPU.Build.0 = Release|Any CPU
		{3B6DC0DB-A424-42BA-8798-66AD107539DF}.Debug|Any CPU.ActiveCfg = Debug|Any CPU
		{3B6DC0DB-A424-42BA-8798-66AD107539DF}.Debug|Any CPU.Build.0 = Debug|Any CPU
		{3B6DC0DB-A424-42BA-8798-66AD107539DF}.Release|Any CPU.ActiveCfg = Release|Any CPU
		{3B6DC0DB-A424-42BA-8798-66AD107539DF}.Release|Any CPU.Build.0 = Release|Any CPU
		{4038D84F-F872-479B-B471-12BB89E065BC}.Debug|Any CPU.ActiveCfg = Debug|Any CPU
		{4038D84F-F872-479B-B471-12BB89E065BC}.Debug|Any CPU.Build.0 = Debug|Any CPU
		{4038D84F-F872-479B-B471-12BB89E065BC}.Release|Any CPU.ActiveCfg = Release|Any CPU
		{4038D84F-F872-479B-B471-12BB89E065BC}.Release|Any CPU.Build.0 = Release|Any CPU
		{1278640A-F21A-4F9E-A563-746EF0A77CA4}.Debug|Any CPU.ActiveCfg = Debug|Any CPU
		{1278640A-F21A-4F9E-A563-746EF0A77CA4}.Debug|Any CPU.Build.0 = Debug|Any CPU
		{1278640A-F21A-4F9E-A563-746EF0A77CA4}.Release|Any CPU.ActiveCfg = Release|Any CPU
		{1278640A-F21A-4F9E-A563-746EF0A77CA4}.Release|Any CPU.Build.0 = Release|Any CPU
	EndGlobalSection
	GlobalSection(SolutionProperties) = preSolution
		HideSolutionNode = FALSE
	EndGlobalSection
EndGlobal
