
Microsoft Visual Studio Solution File, Format Version 12.00
# Visual Studio 2013
VisualStudioVersion = 12.0.21005.1
MinimumVisualStudioVersion = 10.0.40219.1
Project("{FAE04EC0-301F-11D3-BF4B-00C04F79EFBC}") = "StudentInfo", "StudentInfo\StudentInfo.csproj", "{82A7B6FF-9C62-40DA-A458-5A455016EF3B}"
EndProject
Project("{FAE04EC0-301F-11D3-BF4B-00C04F79EFBC}") = "PersonApp", "PersonApp\PersonApp.csproj", "{49050738-9D3C-4647-A767-B4945E913D78}"
EndProject
Project("{FAE04EC0-301F-11D3-BF4B-00C04F79EFBC}") = "ArrayOfBits", "ArrayOfBits\ArrayOfBits.csproj", "{469C2FDB-64A5-42D7-91A1-E23011ADE1D7}"
EndProject
Global
	GlobalSection(SolutionConfigurationPlatforms) = preSolution
		Debug|Any CPU = Debug|Any CPU
		Release|Any CPU = Release|Any CPU
	EndGlobalSection
	GlobalSection(ProjectConfigurationPlatforms) = postSolution
		{82A7B6FF-9C62-40DA-A458-5A455016EF3B}.Debug|Any CPU.ActiveCfg = Debug|Any CPU
		{82A7B6FF-9C62-40DA-A458-5A455016EF3B}.Debug|Any CPU.Build.0 = Debug|Any CPU
		{82A7B6FF-9C62-40DA-A458-5A455016EF3B}.Release|Any CPU.ActiveCfg = Release|Any CPU
		{82A7B6FF-9C62-40DA-A458-5A455016EF3B}.Release|Any CPU.Build.0 = Release|Any CPU
		{49050738-9D3C-4647-A767-B4945E913D78}.Debug|Any CPU.ActiveCfg = Debug|Any CPU
		{49050738-9D3C-4647-A767-B4945E913D78}.Debug|Any CPU.Build.0 = Debug|Any CPU
		{49050738-9D3C-4647-A767-B4945E913D78}.Release|Any CPU.ActiveCfg = Release|Any CPU
		{49050738-9D3C-4647-A767-B4945E913D78}.Release|Any CPU.Build.0 = Release|Any CPU
		{469C2FDB-64A5-42D7-91A1-E23011ADE1D7}.Debug|Any CPU.ActiveCfg = Debug|Any CPU
		{469C2FDB-64A5-42D7-91A1-E23011ADE1D7}.Debug|Any CPU.Build.0 = Debug|Any CPU
		{469C2FDB-64A5-42D7-91A1-E23011ADE1D7}.Release|Any CPU.ActiveCfg = Release|Any CPU
		{469C2FDB-64A5-42D7-91A1-E23011ADE1D7}.Release|Any CPU.Build.0 = Release|Any CPU
	EndGlobalSection
	GlobalSection(SolutionProperties) = preSolution
		HideSolutionNode = FALSE
	EndGlobalSection
EndGlobal
